PODS:
  - LicenseParser (0.5.9)
  - Nimble (7.1.1)
  - Quick (1.3.0)

DEPENDENCIES:
  - LicenseParser (from `../`)
  - Nimble
  - Quick

SPEC REPOS:
  https://github.com/CocoaPods/Specs.git:
    - Nimble
    - Quick

EXTERNAL SOURCES:
  LicenseParser:
    :path: "../"

SPEC CHECKSUMS:
  LicenseParser: 38f29f40b4d87f35da50e1ebdf047d6ccf7515b7
  Nimble: 391f07782af4b37914f9bd7b2ffbb952731b8202
  Quick: 03278013f71aa05fe9ecabc94fbcc6835f1ee76f

PODFILE CHECKSUM: 601dc7b035b0103d1639d7cc3f62c9edcef167a4

COCOAPODS: 1.5.0
